
Microsoft Visual Studio Solution File, Format Version 12.00
# Visual Studio Version 17
VisualStudioVersion = 17.0.31903.59
MinimumVisualStudioVersion = 10.0.40219.1
Project("{FAE04EC0-301F-11D3-BF4B-00C04F79EFBC}") = "Aetheris.Kernel.Core", "Aetheris.Kernel.Core\Aetheris.Kernel.Core.csproj", "{41402728-B69A-4179-AF43-2F40CAABA890}"
EndProject
Project("{FAE04EC0-301F-11D3-BF4B-00C04F79EFBC}") = "Aetheris.Kernel.Core.Tests", "Aetheris.Kernel.Core.Tests\Aetheris.Kernel.Core.Tests.csproj", "{8A55AA65-5176-4663-B28E-9BA3255F724E}"
EndProject
Project("{FAE04EC0-301F-11D3-BF4B-00C04F79EFBC}") = "Aetheris.Kernel.Firmament", "Aetheris.Kernel.Firmament\Aetheris.Kernel.Firmament.csproj", "{B4F4DFA7-5C08-47E1-AEDE-CC869FECC59F}"
EndProject
Project("{FAE04EC0-301F-11D3-BF4B-00C04F79EFBC}") = "Aetheris.Kernel.Firmament.Tests", "Aetheris.Kernel.Firmament.Tests\Aetheris.Kernel.Firmament.Tests.csproj", "{3C09858D-81FE-447E-8103-5335616203F6}"
EndProject
Project("{FAE04EC0-301F-11D3-BF4B-00C04F79EFBC}") = "Aetheris.Server", "Aetheris.Server\Aetheris.Server.csproj", "{7BD1B3FB-2B1C-46CA-B0CA-53C761E3840D}"
EndProject
Project("{FAE04EC0-301F-11D3-BF4B-00C04F79EFBC}") = "Aetheris.Server.Tests", "Aetheris.Server.Tests\Aetheris.Server.Tests.csproj", "{03B71CD1-35E4-453D-BFBF-A62314338316}"
EndProject
Project("{FAE04EC0-301F-11D3-BF4B-00C04F79EFBC}") = "Aetheris.CLI", "Aetheris.CLI\Aetheris.CLI.csproj", "{3E506C1D-AFF7-4FB2-9208-EEFCD1AE12DC}"
EndProject
Project("{FAE04EC0-301F-11D3-BF4B-00C04F79EFBC}") = "Aetheris.CLI.Tests", "Aetheris.CLI.Tests\Aetheris.CLI.Tests.csproj", "{DEBC8B25-C561-4887-B93F-A5164461AB1E}"
EndProject
Global
	GlobalSection(SolutionConfigurationPlatforms) = preSolution
		Debug|Any CPU = Debug|Any CPU
		Release|Any CPU = Release|Any CPU
	EndGlobalSection
	GlobalSection(SolutionProperties) = preSolution
		HideSolutionNode = FALSE
	EndGlobalSection
	GlobalSection(ProjectConfigurationPlatforms) = postSolution
		{41402728-B69A-4179-AF43-2F40CAABA890}.Debug|Any CPU.ActiveCfg = Debug|Any CPU
		{41402728-B69A-4179-AF43-2F40CAABA890}.Debug|Any CPU.Build.0 = Debug|Any CPU
		{41402728-B69A-4179-AF43-2F40CAABA890}.Release|Any CPU.ActiveCfg = Release|Any CPU
		{41402728-B69A-4179-AF43-2F40CAABA890}.Release|Any CPU.Build.0 = Release|Any CPU
		{8A55AA65-5176-4663-B28E-9BA3255F724E}.Debug|Any CPU.ActiveCfg = Debug|Any CPU
		{8A55AA65-5176-4663-B28E-9BA3255F724E}.Debug|Any CPU.Build.0 = Debug|Any CPU
		{8A55AA65-5176-4663-B28E-9BA3255F724E}.Release|Any CPU.ActiveCfg = Release|Any CPU
		{8A55AA65-5176-4663-B28E-9BA3255F724E}.Release|Any CPU.Build.0 = Release|Any CPU
		{B4F4DFA7-5C08-47E1-AEDE-CC869FECC59F}.Debug|Any CPU.ActiveCfg = Debug|Any CPU
		{B4F4DFA7-5C08-47E1-AEDE-CC869FECC59F}.Debug|Any CPU.Build.0 = Debug|Any CPU
		{B4F4DFA7-5C08-47E1-AEDE-CC869FECC59F}.Release|Any CPU.ActiveCfg = Release|Any CPU
		{B4F4DFA7-5C08-47E1-AEDE-CC869FECC59F}.Release|Any CPU.Build.0 = Release|Any CPU
		{3C09858D-81FE-447E-8103-5335616203F6}.Debug|Any CPU.ActiveCfg = Debug|Any CPU
		{3C09858D-81FE-447E-8103-5335616203F6}.Debug|Any CPU.Build.0 = Debug|Any CPU
		{3C09858D-81FE-447E-8103-5335616203F6}.Release|Any CPU.ActiveCfg = Release|Any CPU
		{3C09858D-81FE-447E-8103-5335616203F6}.Release|Any CPU.Build.0 = Release|Any CPU
		{7BD1B3FB-2B1C-46CA-B0CA-53C761E3840D}.Debug|Any CPU.ActiveCfg = Debug|Any CPU
		{7BD1B3FB-2B1C-46CA-B0CA-53C761E3840D}.Debug|Any CPU.Build.0 = Debug|Any CPU
		{7BD1B3FB-2B1C-46CA-B0CA-53C761E3840D}.Release|Any CPU.ActiveCfg = Release|Any CPU
		{7BD1B3FB-2B1C-46CA-B0CA-53C761E3840D}.Release|Any CPU.Build.0 = Release|Any CPU
		{03B71CD1-35E4-453D-BFBF-A62314338316}.Debug|Any CPU.ActiveCfg = Debug|Any CPU
		{03B71CD1-35E4-453D-BFBF-A62314338316}.Debug|Any CPU.Build.0 = Debug|Any CPU
		{03B71CD1-35E4-453D-BFBF-A62314338316}.Release|Any CPU.ActiveCfg = Release|Any CPU
		{03B71CD1-35E4-453D-BFBF-A62314338316}.Release|Any CPU.Build.0 = Release|Any CPU
		{3E506C1D-AFF7-4FB2-9208-EEFCD1AE12DC}.Debug|Any CPU.ActiveCfg = Debug|Any CPU
		{3E506C1D-AFF7-4FB2-9208-EEFCD1AE12DC}.Debug|Any CPU.Build.0 = Debug|Any CPU
		{3E506C1D-AFF7-4FB2-9208-EEFCD1AE12DC}.Release|Any CPU.ActiveCfg = Release|Any CPU
		{3E506C1D-AFF7-4FB2-9208-EEFCD1AE12DC}.Release|Any CPU.Build.0 = Release|Any CPU
		{DEBC8B25-C561-4887-B93F-A5164461AB1E}.Debug|Any CPU.ActiveCfg = Debug|Any CPU
		{DEBC8B25-C561-4887-B93F-A5164461AB1E}.Debug|Any CPU.Build.0 = Debug|Any CPU
		{DEBC8B25-C561-4887-B93F-A5164461AB1E}.Release|Any CPU.ActiveCfg = Release|Any CPU
		{DEBC8B25-C561-4887-B93F-A5164461AB1E}.Release|Any CPU.Build.0 = Release|Any CPU
	EndGlobalSection
EndGlobal
