<Solution>
  <Project Path="Aetheris.Server/Aetheris.Server.csproj" />
  <Project Path="Aetheris.Server.Tests/Aetheris.Server.Tests.csproj" />
  <Project Path="Aetheris.Kernel.Core/Aetheris.Kernel.Core.csproj" />
  <Project Path="Aetheris.Geometry/Aetheris.Geometry.csproj" />
  <Project Path="Aetheris.Geometry.Tests/Aetheris.Geometry.Tests.csproj" />
  <Project Path="Aetheris.Semantics/Aetheris.Semantics.csproj" />
  <Project Path="Aetheris.Semantics.Tests/Aetheris.Semantics.Tests.csproj" />
  <Project Path="Aetheris.Modules/Aetheris.Modules.csproj" />
  <Project Path="Aetheris.Surfacing/Aetheris.Surfacing.csproj" />
  <Project Path="Aetheris.Piping/Aetheris.Piping.csproj" />
  <Project Path="Aetheris.SheetMetal/Aetheris.SheetMetal.csproj" />
  <Project Path="Aetheris.Modules.BuiltIn/Aetheris.Modules.BuiltIn.csproj" />
  <Project Path="Aetheris.Modules.Tests/Aetheris.Modules.Tests.csproj" />
  <Project Path="Aetheris.Continuum/Aetheris.Continuum.csproj" />
  <Project Path="Aetheris.Collaboration/Aetheris.Collaboration.csproj" />
  <Project Path="Aetheris.Collaboration.Tests/Aetheris.Collaboration.Tests.csproj" />
  <Project Path="Aetheris.FEA/Aetheris.FEA.csproj" />
  <Project Path="Aetheris.FEA.Tests/Aetheris.FEA.Tests.csproj" />
  <Project Path="Aetheris.Continuum.Tests/Aetheris.Continuum.Tests.csproj" />
  <Project Path="tools/Aetheris.Continuum.M1/Aetheris.Continuum.M1.csproj" />
  <Project Path="tools/Aetheris.Continuum.M2/Aetheris.Continuum.M2.csproj" />
  <Project Path="tools/Aetheris.Continuum.M3/Aetheris.Continuum.M3.csproj" />
  <Project Path="tools/Aetheris.Continuum.M4/Aetheris.Continuum.M4.csproj" />
  <Project Path="tools/Aetheris.Continuum.M4B/Aetheris.Continuum.M4B.csproj" />
  <Project Path="tools/Aetheris.Continuum.M4C/Aetheris.Continuum.M4C.csproj" />
  <Project Path="tools/Aetheris.Forge.M1Evidence/Aetheris.Forge.M1Evidence.csproj" />
  <Project Path="tools/Aetheris.Geometry.M0Evidence/Aetheris.Geometry.M0Evidence.csproj" />
  <Project Path="tools/Aetheris.Geometry.M1Evidence/Aetheris.Geometry.M1Evidence.csproj" />
  <Project Path="tools/Aetheris.Geometry.M2Evidence/Aetheris.Geometry.M2Evidence.csproj" />
  <Project Path="tools/Aetheris.Continuum.AttentionE0/Aetheris.Continuum.AttentionE0.csproj" />
  <Project Path="tools/Aetheris.Continuum.AttentionE1/Aetheris.Continuum.AttentionE1.csproj" />
  <Project Path="Aetheris.Forge/Aetheris.Forge.csproj" />
  <Project Path="Aetheris.Forge.Host/Aetheris.Forge.Host.csproj" />
  <Project Path="Aetheris.Forge.KernelSDK/Aetheris.Forge.KernelSDK.csproj" />
  <Project Path="Aetheris.Forge.SampleExtension/Aetheris.Forge.SampleExtension.csproj" />
  <Project Path="Aetheris.Forge.SampleExtension.Bindings/Aetheris.Forge.SampleExtension.Bindings.csproj" />
  <Project Path="Aetheris.Forge.Testing/Aetheris.Forge.Testing.csproj" />
  <Project Path="Aetheris.Forge.Host.Tests/Aetheris.Forge.Host.Tests.csproj" />
  <Project Path="samples/Aetheris.Samples.DatabaseDrivenCad/Aetheris.Samples.DatabaseDrivenCad.csproj" />
  <Project Path="samples/Aetheris.Samples.DatabaseDrivenCad.Tests/Aetheris.Samples.DatabaseDrivenCad.Tests.csproj" />
  <Project Path="Aetheris.Kernel.StandardLibrary/Aetheris.Kernel.StandardLibrary.csproj" />
  <Project Path="Aetheris.Kernel.Firmament/Aetheris.Kernel.Firmament.csproj" />
  <Project Path="Aetheris.Kernel.Firmament.Tests/Aetheris.Kernel.Firmament.Tests.csproj" />
  <Project Path="Aetheris.Firmament.FrictionLab/Aetheris.Firmament.FrictionLab.csproj" />
  <Project Path="Aetheris.FrictionLab.Tests/Aetheris.FrictionLab.Tests.csproj" />
  <Project Path="aetheris.client/aetheris.client.esproj">
    <Build />
    <Deploy />
  </Project>
  <Project Path="Aetheris.CLI/Aetheris.CLI.csproj" />
  <Project Path="Aetheris.CLI.Tests/Aetheris.CLI.Tests.csproj" />
  <Project Path="Aetheris.Kernel.Core.Tests/Aetheris.Kernel.Core.Tests.csproj" />
  <Project Path="tests/Aetheris.TestForgePack/Aetheris.TestForgePack.csproj" />
  <Project Path="tests/Aetheris.TestForgePack.Duplicate/Aetheris.TestForgePack.Duplicate.csproj" />
  <Project Path="demos/Aetheris.PmiInjectionDemo/Aetheris.PmiInjectionDemo.csproj">
    <Build Solution="Debug|*" Project="false" />
  </Project>
</Solution>
